{
    "name": "@nextrap/monaco-editor-integration",
    "version": "1.1.9",
    "lockfileVersion": 3,
    "requires": true,
    "packages": {
        "": {
            "name": "@nextrap/monaco-editor-integration",
            "version": "1.1.9",
            "dependencies": {
                "@nextrap/nt-framework": "^1.1.1",
                "@nextrap/style-base": "^1.1.10",
                "@nextrap/style-button": "^0.0.6",
                "monaco-editor": "^0.52.2"
            },
            "devDependencies": {
                "@nextrap/style-reset": "^0.1.1",
                "vite-plugin-monaco-editor": "^1.1.0"
            }
        },
        "node_modules/@lit-labs/ssr-dom-shim": {
            "version": "1.4.0",
            "resolved": "https://registry.npmjs.org/@lit-labs/ssr-dom-shim/-/ssr-dom-shim-1.4.0.tgz",
            "integrity": "sha512-ficsEARKnmmW5njugNYKipTm4SFnbik7CXtoencDZzmzo/dQ+2Q0bgkzJuoJP20Aj0F+izzJjOqsnkd6F/o1bw==",
            "license": "BSD-3-Clause"
        },
        "node_modules/@lit/reactive-element": {
            "version": "2.1.1",
            "resolved": "https://registry.npmjs.org/@lit/reactive-element/-/reactive-element-2.1.1.tgz",
            "integrity": "sha512-N+dm5PAYdQ8e6UlywyyrgI2t++wFGXfHx+dSJ1oBrg6FAxUj40jId++EaRm80MKX5JnlH1sBsyZ5h0bcZKemCg==",
            "license": "BSD-3-Clause",
            "dependencies": {
                "@lit-labs/ssr-dom-shim": "^1.4.0"
            }
        },
        "node_modules/@nextrap/nt-framework": {
            "version": "1.1.1",
            "resolved": "https://registry.npmjs.org/@nextrap/nt-framework/-/nt-framework-1.1.1.tgz",
            "integrity": "sha512-NeypLZ7nRGqfZL+MXS+bWCEetLv3e8m885g7tiQt9poi07rGxo9qHgu4eMTu0wJLl9vh0sH6eYuSqsIYVfuKBQ==",
            "dependencies": {
                "lit": "^3.2.0"
            }
        },
        "node_modules/@nextrap/style-base": {
            "version": "1.1.10",
            "resolved": "https://registry.npmjs.org/@nextrap/style-base/-/style-base-1.1.10.tgz",
            "integrity": "sha512-V1DMpOLaZaTr6Bv6/bs1vFt/e+XXY/+E8kUXl0V/yzSQKefkLmexCltc8D7+b3I7lEMzqqAsTRNgxSgY9kAbVw=="
        },
        "node_modules/@nextrap/style-button": {
            "version": "0.0.6",
            "resolved": "https://registry.npmjs.org/@nextrap/style-button/-/style-button-0.0.6.tgz",
            "integrity": "sha512-Xxe5zof4W3nk+kUsi5jZWtOFYHuK3g/zztY45oB1w6EdT9AR9Ob3ovY2qtdlMDdZI8am1MmTSkiqMCz07uWh0A=="
        },
        "node_modules/@nextrap/style-reset": {
            "version": "0.1.1",
            "resolved": "https://registry.npmjs.org/@nextrap/style-reset/-/style-reset-0.1.1.tgz",
            "integrity": "sha512-8Z9YChnp7xuR8gWdMrRvudxIELE+wMwzMOEkzobGRdnOz3BxRC1gAHa84WyeOl80yrnnMUn+SBoi8SUeyIbL1g==",
            "dev": true
        },
        "node_modules/@types/trusted-types": {
            "version": "2.0.7",
            "resolved": "https://registry.npmjs.org/@types/trusted-types/-/trusted-types-2.0.7.tgz",
            "integrity": "sha512-ScaPdn1dQczgbl0QFTeTOmVHFULt394XJgOQNoyVhZ6r2vLnMLJfBPd53SB52T/3G36VI1/g2MZaX0cwDuXsfw==",
            "license": "MIT"
        },
        "node_modules/lit": {
            "version": "3.3.1",
            "resolved": "https://registry.npmjs.org/lit/-/lit-3.3.1.tgz",
            "integrity": "sha512-Ksr/8L3PTapbdXJCk+EJVB78jDodUMaP54gD24W186zGRARvwrsPfS60wae/SSCTCNZVPd1chXqio1qHQmu4NA==",
            "license": "BSD-3-Clause",
            "dependencies": {
                "@lit/reactive-element": "^2.1.0",
                "lit-element": "^4.2.0",
                "lit-html": "^3.3.0"
            }
        },
        "node_modules/lit-element": {
            "version": "4.2.1",
            "resolved": "https://registry.npmjs.org/lit-element/-/lit-element-4.2.1.tgz",
            "integrity": "sha512-WGAWRGzirAgyphK2urmYOV72tlvnxw7YfyLDgQ+OZnM9vQQBQnumQ7jUJe6unEzwGU3ahFOjuz1iz1jjrpCPuw==",
            "license": "BSD-3-Clause",
            "dependencies": {
                "@lit-labs/ssr-dom-shim": "^1.4.0",
                "@lit/reactive-element": "^2.1.0",
                "lit-html": "^3.3.0"
            }
        },
        "node_modules/lit-html": {
            "version": "3.3.1",
            "resolved": "https://registry.npmjs.org/lit-html/-/lit-html-3.3.1.tgz",
            "integrity": "sha512-S9hbyDu/vs1qNrithiNyeyv64c9yqiW9l+DBgI18fL+MTvOtWoFR0FWiyq1TxaYef5wNlpEmzlXoBlZEO+WjoA==",
            "license": "BSD-3-Clause",
            "dependencies": {
                "@types/trusted-types": "^2.0.2"
            }
        },
        "node_modules/monaco-editor": {
            "version": "0.52.2",
            "resolved": "https://registry.npmjs.org/monaco-editor/-/monaco-editor-0.52.2.tgz",
            "integrity": "sha512-GEQWEZmfkOGLdd3XK8ryrfWz3AIP8YymVXiPHEdewrUq7mh0qrKrfHLNCXcbB6sTnMLnOZ3ztSiKcciFUkIJwQ==",
            "license": "MIT"
        },
        "node_modules/vite-plugin-monaco-editor": {
            "version": "1.1.0",
            "resolved": "https://registry.npmjs.org/vite-plugin-monaco-editor/-/vite-plugin-monaco-editor-1.1.0.tgz",
            "integrity": "sha512-IvtUqZotrRoVqwT0PBBDIZPNraya3BxN/bfcNfnxZ5rkJiGcNtO5eAOWWSgT7zullIAEqQwxMU83yL9J5k7gww==",
            "dev": true,
            "license": "MIT",
            "peerDependencies": {
                "monaco-editor": ">=0.33.0"
            }
        }
    }
}
